
Microsoft Visual Studio Solution File, Format Version 11.00
# Visual Studio 2010
Project("{FAE04EC0-301F-11D3-BF4B-00C04F79EFBC}") = "AlgoritimoHuffman", "AlgoritimoHuffman\AlgoritimoHuffman.csproj", "{BA715AE7-1D88-4532-BF14-D75EAFCF2BDB}"
EndProject
Global
	GlobalSection(SolutionConfigurationPlatforms) = preSolution
		Debug|x86 = Debug|x86
		Release|x86 = Release|x86
	EndGlobalSection
	GlobalSection(ProjectConfigurationPlatforms) = postSolution
		{BA715AE7-1D88-4532-BF14-D75EAFCF2BDB}.Debug|x86.ActiveCfg = Debug|x86
		{BA715AE7-1D88-4532-BF14-D75EAFCF2BDB}.Debug|x86.Build.0 = Debug|x86
		{BA715AE7-1D88-4532-BF14-D75EAFCF2BDB}.Release|x86.ActiveCfg = Release|x86
		{BA715AE7-1D88-4532-BF14-D75EAFCF2BDB}.Release|x86.Build.0 = Release|x86
	EndGlobalSection
	GlobalSection(MonoDevelopProperties) = preSolution
		StartupItem = AlgoritimoHuffman\AlgoritimoHuffman.csproj
	EndGlobalSection
EndGlobal
